
Microsoft Visual Studio Solution File, Format Version 12.00
# Visual Studio Version 17
VisualStudioVersion = 17.14.36623.8
MinimumVisualStudioVersion = 10.0.40219.1
Project("{FAE04EC0-301F-11D3-BF4B-00C04F79EFBC}") = "Sistem_Informasi_Puskesmas", "Sistem_Informasi_Puskesmas\Sistem_Informasi_Puskesmas.csproj", "{24D203E7-5D21-4E4C-9CBE-4234CE7B2839}"
EndProject
Project("{2150E333-8FDC-42A3-9474-1A3956D46DE8}") = "Solution Items", "Solution Items", "{8EC462FD-D22E-90A8-E5CE-7E832BA40C5D}"
EndProject
Global
	GlobalSection(SolutionConfigurationPlatforms) = preSolution
		Debug|Any CPU = Debug|Any CPU
		Release|Any CPU = Release|Any CPU
	EndGlobalSection
	GlobalSection(ProjectConfigurationPlatforms) = postSolution
		{24D203E7-5D21-4E4C-9CBE-4234CE7B2839}.Debug|Any CPU.ActiveCfg = Debug|Any CPU
		{24D203E7-5D21-4E4C-9CBE-4234CE7B2839}.Debug|Any CPU.Build.0 = Debug|Any CPU
		{24D203E7-5D21-4E4C-9CBE-4234CE7B2839}.Release|Any CPU.ActiveCfg = Release|Any CPU
		{24D203E7-5D21-4E4C-9CBE-4234CE7B2839}.Release|Any CPU.Build.0 = Release|Any CPU
	EndGlobalSection
	GlobalSection(SolutionProperties) = preSolution
		HideSolutionNode = FALSE
	EndGlobalSection
	GlobalSection(ExtensibilityGlobals) = postSolution
		SolutionGuid = {54B96209-E72A-414B-A0E5-527662F6CAA5}
	EndGlobalSection
EndGlobal
